
Microsoft Visual Studio Solution File, Format Version 12.00
# Visual Studio Version 17
VisualStudioVersion = 17.14.36414.22 d17.14
MinimumVisualStudioVersion = 10.0.40219.1
Project("{FAE04EC0-301F-11D3-BF4B-00C04F79EFBC}") = "BankS", "BankS\BankS.csproj", "{5048E5C1-AC28-44C7-B456-722E7D7D5EF0}"
EndProject
Global
	GlobalSection(SolutionConfigurationPlatforms) = preSolution
		Debug|Any CPU = Debug|Any CPU
		Release|Any CPU = Release|Any CPU
	EndGlobalSection
	GlobalSection(ProjectConfigurationPlatforms) = postSolution
		{5048E5C1-AC28-44C7-B456-722E7D7D5EF0}.Debug|Any CPU.ActiveCfg = Debug|Any CPU
		{5048E5C1-AC28-44C7-B456-722E7D7D5EF0}.Debug|Any CPU.Build.0 = Debug|Any CPU
		{5048E5C1-AC28-44C7-B456-722E7D7D5EF0}.Release|Any CPU.ActiveCfg = Release|Any CPU
		{5048E5C1-AC28-44C7-B456-722E7D7D5EF0}.Release|Any CPU.Build.0 = Release|Any CPU
	EndGlobalSection
	GlobalSection(SolutionProperties) = preSolution
		HideSolutionNode = FALSE
	EndGlobalSection
	GlobalSection(ExtensibilityGlobals) = postSolution
		SolutionGuid = {54F7F1A0-171F-470F-9717-2583A4845D87}
	EndGlobalSection
EndGlobal
